
Microsoft Visual Studio Solution File, Format Version 12.00
# Visual Studio 15
VisualStudioVersion = 15.0.28307.1082
MinimumVisualStudioVersion = 10.0.40219.1
Project("{FAE04EC0-301F-11D3-BF4B-00C04F79EFBC}") = "UnitTestProject9", "UnitTestProject9\UnitTestProject9.csproj", "{C5AB571C-E4C1-42DB-BF5C-B6922D318C63}"
EndProject
Global
	GlobalSection(SolutionConfigurationPlatforms) = preSolution
		Debug|Any CPU = Debug|Any CPU
		Release|Any CPU = Release|Any CPU
	EndGlobalSection
	GlobalSection(ProjectConfigurationPlatforms) = postSolution
		{C5AB571C-E4C1-42DB-BF5C-B6922D318C63}.Debug|Any CPU.ActiveCfg = Debug|Any CPU
		{C5AB571C-E4C1-42DB-BF5C-B6922D318C63}.Debug|Any CPU.Build.0 = Debug|Any CPU
		{C5AB571C-E4C1-42DB-BF5C-B6922D318C63}.Release|Any CPU.ActiveCfg = Release|Any CPU
		{C5AB571C-E4C1-42DB-BF5C-B6922D318C63}.Release|Any CPU.Build.0 = Release|Any CPU
	EndGlobalSection
	GlobalSection(SolutionProperties) = preSolution
		HideSolutionNode = FALSE
	EndGlobalSection
	GlobalSection(ExtensibilityGlobals) = postSolution
		SolutionGuid = {FA358A58-D1C5-4A3A-83FA-9D4FBCBE8D1C}
	EndGlobalSection
EndGlobal
